
Microsoft Visual Studio Solution File, Format Version 12.00
# Visual Studio Version 17
VisualStudioVersion = 17.1.32414.318
MinimumVisualStudioVersion = 10.0.40219.1
Project("{8BC9CEB8-8B4A-11D0-8D11-00A0C91BC942}") = "Employee Management System", "Employee Management System.vcxproj", "{AC9128A4-FD23-4C8A-9C4D-55F0F2A048B0}"
EndProject
Global
	GlobalSection(SolutionConfigurationPlatforms) = preSolution
		Debug|x64 = Debug|x64
		Debug|x86 = Debug|x86
		Release|x64 = Release|x64
		Release|x86 = Release|x86
	EndGlobalSection
	GlobalSection(ProjectConfigurationPlatforms) = postSolution
		{AC9128A4-FD23-4C8A-9C4D-55F0F2A048B0}.Debug|x64.ActiveCfg = Debug|x64
		{AC9128A4-FD23-4C8A-9C4D-55F0F2A048B0}.Debug|x64.Build.0 = Debug|x64
		{AC9128A4-FD23-4C8A-9C4D-55F0F2A048B0}.Debug|x86.ActiveCfg = Debug|Win32
		{AC9128A4-FD23-4C8A-9C4D-55F0F2A048B0}.Debug|x86.Build.0 = Debug|Win32
		{AC9128A4-FD23-4C8A-9C4D-55F0F2A048B0}.Release|x64.ActiveCfg = Release|x64
		{AC9128A4-FD23-4C8A-9C4D-55F0F2A048B0}.Release|x64.Build.0 = Release|x64
		{AC9128A4-FD23-4C8A-9C4D-55F0F2A048B0}.Release|x86.ActiveCfg = Release|Win32
		{AC9128A4-FD23-4C8A-9C4D-55F0F2A048B0}.Release|x86.Build.0 = Release|Win32
	EndGlobalSection
	GlobalSection(SolutionProperties) = preSolution
		HideSolutionNode = FALSE
	EndGlobalSection
	GlobalSection(ExtensibilityGlobals) = postSolution
		SolutionGuid = {E751CC74-6598-4274-9C81-9EA3F20DA042}
	EndGlobalSection
EndGlobal
